
Microsoft Visual Studio Solution File, Format Version 12.00
# Visual Studio 14
VisualStudioVersion = 14.0.23107.0
MinimumVisualStudioVersion = 10.0.40219.1
Project("{FAE04EC0-301F-11D3-BF4B-00C04F79EFBC}") = "Task1", "Task1\Task1.csproj", "{62709738-6164-4DFD-A5D0-A9ABE4F97A3D}"
EndProject
Project("{FAE04EC0-301F-11D3-BF4B-00C04F79EFBC}") = "Task1.Tests", "Task1.Tests\Task1.Tests.csproj", "{723BF1C5-CA7E-494B-ADB7-9EB87C71B197}"
EndProject
Global
	GlobalSection(SolutionConfigurationPlatforms) = preSolution
		Debug|Any CPU = Debug|Any CPU
		Release|Any CPU = Release|Any CPU
	EndGlobalSection
	GlobalSection(ProjectConfigurationPlatforms) = postSolution
		{62709738-6164-4DFD-A5D0-A9ABE4F97A3D}.Debug|Any CPU.ActiveCfg = Debug|Any CPU
		{62709738-6164-4DFD-A5D0-A9ABE4F97A3D}.Debug|Any CPU.Build.0 = Debug|Any CPU
		{62709738-6164-4DFD-A5D0-A9ABE4F97A3D}.Release|Any CPU.ActiveCfg = Release|Any CPU
		{62709738-6164-4DFD-A5D0-A9ABE4F97A3D}.Release|Any CPU.Build.0 = Release|Any CPU
		{723BF1C5-CA7E-494B-ADB7-9EB87C71B197}.Debug|Any CPU.ActiveCfg = Debug|Any CPU
		{723BF1C5-CA7E-494B-ADB7-9EB87C71B197}.Debug|Any CPU.Build.0 = Debug|Any CPU
		{723BF1C5-CA7E-494B-ADB7-9EB87C71B197}.Release|Any CPU.ActiveCfg = Release|Any CPU
		{723BF1C5-CA7E-494B-ADB7-9EB87C71B197}.Release|Any CPU.Build.0 = Release|Any CPU
	EndGlobalSection
	GlobalSection(SolutionProperties) = preSolution
		HideSolutionNode = FALSE
	EndGlobalSection
EndGlobal
